
Microsoft Visual Studio Solution File, Format Version 12.00
Project("{FAE04EC0-301F-11D3-BF4B-00C04F79EFBC}") = "Primzahl4", "Primzahl4\Primzahl4.csproj", "{5DBB889F-A181-4B82-938F-A4B5BBC3369B}"
EndProject
Global
	GlobalSection(SolutionConfigurationPlatforms) = preSolution
		Debug|Any CPU = Debug|Any CPU
		Release|Any CPU = Release|Any CPU
	EndGlobalSection
	GlobalSection(ProjectConfigurationPlatforms) = postSolution
		{5DBB889F-A181-4B82-938F-A4B5BBC3369B}.Debug|Any CPU.ActiveCfg = Debug|Any CPU
		{5DBB889F-A181-4B82-938F-A4B5BBC3369B}.Debug|Any CPU.Build.0 = Debug|Any CPU
		{5DBB889F-A181-4B82-938F-A4B5BBC3369B}.Release|Any CPU.ActiveCfg = Release|Any CPU
		{5DBB889F-A181-4B82-938F-A4B5BBC3369B}.Release|Any CPU.Build.0 = Release|Any CPU
	EndGlobalSection
EndGlobal
