
Microsoft Visual Studio Solution File, Format Version 12.00
# Visual Studio Version 16
VisualStudioVersion = 16.0.808.5
MinimumVisualStudioVersion = 10.0.40219.1
Project("{FAE04EC0-301F-11D3-BF4B-00C04F79EFBC}") = "Primzahl2", "Primzahl2.csproj", "{56C98823-16AB-460B-8824-0A0D2624C285}"
EndProject
Global
	GlobalSection(SolutionConfigurationPlatforms) = preSolution
		Debug|Any CPU = Debug|Any CPU
		Release|Any CPU = Release|Any CPU
	EndGlobalSection
	GlobalSection(ProjectConfigurationPlatforms) = postSolution
		{56C98823-16AB-460B-8824-0A0D2624C285}.Debug|Any CPU.ActiveCfg = Debug|Any CPU
		{56C98823-16AB-460B-8824-0A0D2624C285}.Debug|Any CPU.Build.0 = Debug|Any CPU
		{56C98823-16AB-460B-8824-0A0D2624C285}.Release|Any CPU.ActiveCfg = Release|Any CPU
		{56C98823-16AB-460B-8824-0A0D2624C285}.Release|Any CPU.Build.0 = Release|Any CPU
	EndGlobalSection
	GlobalSection(SolutionProperties) = preSolution
		HideSolutionNode = FALSE
	EndGlobalSection
	GlobalSection(ExtensibilityGlobals) = postSolution
		SolutionGuid = {59703682-9BDB-4A86-8A4B-D476FB4A14A5}
	EndGlobalSection
EndGlobal
